
Microsoft Visual Studio Solution File, Format Version 12.00
# Visual Studio Version 17
VisualStudioVersion = 17.5.33424.131
MinimumVisualStudioVersion = 10.0.40219.1
Project("{FAE04EC0-301F-11D3-BF4B-00C04F79EFBC}") = "ModalModelessPrac", "ModalModelessPrac\ModalModelessPrac.csproj", "{8C377052-FF02-472B-90C1-1A0463D7E921}"
EndProject
Global
	GlobalSection(SolutionConfigurationPlatforms) = preSolution
		Debug|Any CPU = Debug|Any CPU
		Release|Any CPU = Release|Any CPU
	EndGlobalSection
	GlobalSection(ProjectConfigurationPlatforms) = postSolution
		{8C377052-FF02-472B-90C1-1A0463D7E921}.Debug|Any CPU.ActiveCfg = Debug|Any CPU
		{8C377052-FF02-472B-90C1-1A0463D7E921}.Debug|Any CPU.Build.0 = Debug|Any CPU
		{8C377052-FF02-472B-90C1-1A0463D7E921}.Release|Any CPU.ActiveCfg = Release|Any CPU
		{8C377052-FF02-472B-90C1-1A0463D7E921}.Release|Any CPU.Build.0 = Release|Any CPU
	EndGlobalSection
	GlobalSection(SolutionProperties) = preSolution
		HideSolutionNode = FALSE
	EndGlobalSection
	GlobalSection(ExtensibilityGlobals) = postSolution
		SolutionGuid = {550E54A1-5026-4C29-A94A-1856F9E5DDB7}
	EndGlobalSection
EndGlobal
